
Microsoft Visual Studio Solution File, Format Version 12.00
# Visual Studio Version 17
VisualStudioVersion = 17.0.31903.59
MinimumVisualStudioVersion = 10.0.40219.1
Project("{2150E333-8FDC-42A3-9474-1A3956D46DE8}") = "src", "src", "{0ACAE978-EF81-4D35-8B2F-E079703DAE47}"
EndProject
Project("{F2A71F9B-5D33-465A-A702-920D77279786}") = "Falco.Upload", "src\Falco\Falco.Upload.fsproj", "{08E9A41B-86B6-497C-BFA1-252181D1340C}"
EndProject
Project("{F2A71F9B-5D33-465A-A702-920D77279786}") = "Saturn.Upload", "src\Saturn\Saturn.Upload.fsproj", "{568312DA-1F08-47BA-8E2F-A2ED3E827C54}"
EndProject
Global
	GlobalSection(SolutionConfigurationPlatforms) = preSolution
		Debug|Any CPU = Debug|Any CPU
		Release|Any CPU = Release|Any CPU
	EndGlobalSection
	GlobalSection(SolutionProperties) = preSolution
		HideSolutionNode = FALSE
	EndGlobalSection
	GlobalSection(ProjectConfigurationPlatforms) = postSolution
		{08E9A41B-86B6-497C-BFA1-252181D1340C}.Debug|Any CPU.ActiveCfg = Debug|Any CPU
		{08E9A41B-86B6-497C-BFA1-252181D1340C}.Debug|Any CPU.Build.0 = Debug|Any CPU
		{08E9A41B-86B6-497C-BFA1-252181D1340C}.Release|Any CPU.ActiveCfg = Release|Any CPU
		{08E9A41B-86B6-497C-BFA1-252181D1340C}.Release|Any CPU.Build.0 = Release|Any CPU
		{568312DA-1F08-47BA-8E2F-A2ED3E827C54}.Debug|Any CPU.ActiveCfg = Debug|Any CPU
		{568312DA-1F08-47BA-8E2F-A2ED3E827C54}.Debug|Any CPU.Build.0 = Debug|Any CPU
		{568312DA-1F08-47BA-8E2F-A2ED3E827C54}.Release|Any CPU.ActiveCfg = Release|Any CPU
		{568312DA-1F08-47BA-8E2F-A2ED3E827C54}.Release|Any CPU.Build.0 = Release|Any CPU
	EndGlobalSection
	GlobalSection(NestedProjects) = preSolution
		{08E9A41B-86B6-497C-BFA1-252181D1340C} = {0ACAE978-EF81-4D35-8B2F-E079703DAE47}
		{568312DA-1F08-47BA-8E2F-A2ED3E827C54} = {0ACAE978-EF81-4D35-8B2F-E079703DAE47}
	EndGlobalSection
EndGlobal
